{
    "_readme": [
        "This file locks the dependencies of your project to a known state",
        "Read more about it at https://getcomposer.org/doc/01-basic-usage.md#composer-lock-the-lock-file",
        "This file is @generated automatically"
    ],
    "content-hash": "4984f3240787cea2f67c2065e5d16778",
    "packages": [
        {
            "name": "phptestsoft/json",
            "version": "v1.0",
            "source": {
                "type": "git",
                "url": "https://github.com/fuck-world/phptestsoft.git",
                "reference": "c829f7117e10cd895bfedc287347bf85eb89512b"
            },
            "dist": {
                "type": "zip",
                "url": "https://packagist.phpcomposer.com/files/fuck-world/phptestsoft/c829f7117e10cd895bfedc287347bf85eb89512b.zip",
                "reference": "c829f7117e10cd895bfedc287347bf85eb89512b",
                "shasum": ""
            },
            "require": {
                "php": ">=5.3.0"
            },
            "type": "library",
            "autoload": {
                "psr-4": {
                    "phptestsoft\\": "src/"
                }
            },
            "notification-url": "https://packagist.org/downloads/",
            "license": [
                "MIT"
            ],
            "authors": [
                {
                    "name": "itcast",
                    "email": "xxxxx@qq.com"
                }
            ],
            "description": "PHP library to encode and decode JSON",
            "time": "2016-07-22T09:16:44+00:00"
        }
    ],
    "packages-dev": [],
    "aliases": [],
    "minimum-stability": "stable",
    "stability-flags": [],
    "prefer-stable": false,
    "prefer-lowest": false,
    "platform": [],
    "platform-dev": []
}
